
Microsoft Visual Studio Solution File, Format Version 12.00
# Visual Studio Version 17
VisualStudioVersion = 17.5.002.0
MinimumVisualStudioVersion = 10.0.40219.1
Project("{9A19103F-16F7-4668-BE54-9A1E7A4F7556}") = "DNS", "DNS.csproj", "{0E012C4C-C791-40A6-83AF-1FE6E4F09144}"
EndProject
Global
	GlobalSection(SolutionConfigurationPlatforms) = preSolution
		Debug|Any CPU = Debug|Any CPU
		Release|Any CPU = Release|Any CPU
	EndGlobalSection
	GlobalSection(ProjectConfigurationPlatforms) = postSolution
		{0E012C4C-C791-40A6-83AF-1FE6E4F09144}.Debug|Any CPU.ActiveCfg = Debug|Any CPU
		{0E012C4C-C791-40A6-83AF-1FE6E4F09144}.Debug|Any CPU.Build.0 = Debug|Any CPU
		{0E012C4C-C791-40A6-83AF-1FE6E4F09144}.Release|Any CPU.ActiveCfg = Release|Any CPU
		{0E012C4C-C791-40A6-83AF-1FE6E4F09144}.Release|Any CPU.Build.0 = Release|Any CPU
	EndGlobalSection
	GlobalSection(SolutionProperties) = preSolution
		HideSolutionNode = FALSE
	EndGlobalSection
	GlobalSection(ExtensibilityGlobals) = postSolution
		SolutionGuid = {D02B8652-FE42-4A56-BC83-05C429C227DB}
	EndGlobalSection
EndGlobal
